{
  "nodes": {
    "flake-compat": {
      "flake": false,
      "locked": {
        "lastModified": 1673956053,
        "narHash": "sha256-4gtG9iQuiKITOjNQQeQIpoIB6b16fm+504Ch3sNKLd8=",
        "owner": "edolstra",
        "repo": "flake-compat",
        "rev": "35bb57c0c8d8b62bbfd284272c928ceb64ddbde9",
        "type": "github"
      },
      "original": {
        "owner": "edolstra",
        "repo": "flake-compat",
        "type": "github"
      }
    },
    "libgit2": {
      "flake": false,
      "locked": {
        "lastModified": 1697646580,
        "narHash": "sha256-oX4Z3S9WtJlwvj0uH9HlYcWv+x1hqp8mhXl7HsLu2f0=",
        "owner": "libgit2",
        "repo": "libgit2",
        "rev": "45fd9ed7ae1a9b74b957ef4f337bc3c8b3df01b5",
        "type": "github"
      },
      "original": {
        "owner": "libgit2",
        "repo": "libgit2",
        "type": "github"
      }
    },
    "nix": {
      "inputs": {
        "flake-compat": "flake-compat",
        "libgit2": "libgit2",
        "nixpkgs": "nixpkgs",
        "nixpkgs-regression": "nixpkgs-regression"
      },
      "locked": {
        "lastModified": 1712161137,
        "narHash": "sha256-ObaVDDPtnOeIE0t7m4OVk5G+OS6d9qYh+ktK67Fe/zE=",
        "rev": "355cbc482f33f5b07a6bc0d72be862b1ccdb99dd",
        "revCount": 16488,
        "type": "tarball",
        "url": "https://api.flakehub.com/f/pinned/NixOS/nix/2.21.2/018eaedc-df49-7da8-8007-06186938ee08/source.tar.gz"
      },
      "original": {
        "type": "tarball",
        "url": "https://flakehub.com/f/NixOS/nix/%3D2.21.2"
      }
    },
    "nixpkgs": {
      "locked": {
        "lastModified": 1713451104,
        "narHash": "sha256-ERRvwDvdxTsNu5Lu7DeKARE7xj8iACqf+PCp8j7a/KY=",
        "owner": "NixOS",
        "repo": "nixpkgs",
        "rev": "53db7691fa9f6a2ca1887769919e4b8495cb7709",
        "type": "github"
      },
      "original": {
        "owner": "NixOS",
        "ref": "release-23.11",
        "repo": "nixpkgs",
        "type": "github"
      }
    },
    "nixpkgs-regression": {
      "locked": {
        "lastModified": 1643052045,
        "narHash": "sha256-uGJ0VXIhWKGXxkeNnq4TvV3CIOkUJ3PAoLZ3HMzNVMw=",
        "owner": "NixOS",
        "repo": "nixpkgs",
        "rev": "215d4d0fd80ca5163643b03a33fde804a29cc1e2",
        "type": "github"
      },
      "original": {
        "owner": "NixOS",
        "repo": "nixpkgs",
        "rev": "215d4d0fd80ca5163643b03a33fde804a29cc1e2",
        "type": "github"
      }
    },
    "nixpkgs_2": {
      "locked": {
        "lastModified": 1710951922,
        "narHash": "sha256-FOOBJ3DQenLpTNdxMHR2CpGZmYuctb92gF0lpiirZ30=",
        "rev": "f091af045dff8347d66d186a62d42aceff159456",
        "revCount": 556873,
        "type": "tarball",
        "url": "https://api.flakehub.com/f/pinned/NixOS/nixpkgs/0.2311.556873%2Brev-f091af045dff8347d66d186a62d42aceff159456/018e6058-baa0-75b7-880b-d3c87ae30465/source.tar.gz"
      },
      "original": {
        "type": "tarball",
        "url": "https://flakehub.com/f/NixOS/nixpkgs/%2A"
      }
    },
    "root": {
      "inputs": {
        "nix": "nix",
        "nixpkgs": "nixpkgs_2"
      }
    }
  },
  "root": "root",
  "version": 7
}
