{
  "nodes": {
    "flake-compat": {
      "flake": false,
      "locked": {
        "lastModified": 1673956053,
        "narHash": "sha256-4gtG9iQuiKITOjNQQeQIpoIB6b16fm+504Ch3sNKLd8=",
        "owner": "edolstra",
        "repo": "flake-compat",
        "rev": "35bb57c0c8d8b62bbfd284272c928ceb64ddbde9",
        "type": "github"
      },
      "original": {
        "owner": "edolstra",
        "repo": "flake-compat",
        "type": "github"
      }
    },
    "home-manager": {
      "inputs": {
        "nixpkgs": [
          "nixpkgs"
        ]
      },
      "locked": {
        "lastModified": 1706981411,
        "narHash": "sha256-cLbLPTL1CDmETVh4p0nQtvoF+FSEjsnJTFpTxhXywhQ=",
        "owner": "nix-community",
        "repo": "home-manager",
        "rev": "652fda4ca6dafeb090943422c34ae9145787af37",
        "type": "github"
      },
      "original": {
        "owner": "nix-community",
        "ref": "release-23.11",
        "repo": "home-manager",
        "type": "github"
      }
    },
    "libgit2": {
      "flake": false,
      "locked": {
        "lastModified": 1697646580,
        "narHash": "sha256-oX4Z3S9WtJlwvj0uH9HlYcWv+x1hqp8mhXl7HsLu2f0=",
        "owner": "libgit2",
        "repo": "libgit2",
        "rev": "45fd9ed7ae1a9b74b957ef4f337bc3c8b3df01b5",
        "type": "github"
      },
      "original": {
        "owner": "libgit2",
        "repo": "libgit2",
        "type": "github"
      }
    },
    "nix": {
      "inputs": {
        "nix": "nix_2",
        "nixpkgs": "nixpkgs_2"
      },
      "locked": {
        "lastModified": 0,
        "narHash": "sha256-h//N5rZC7wGY3QywA4Gp5fXXJMlT6GgAGGpxfV/f3w0=",
        "path": "../",
        "type": "path"
      },
      "original": {
        "path": "../",
        "type": "path"
      }
    },
    "nix-darwin": {
      "inputs": {
        "nixpkgs": [
          "nixpkgs"
        ]
      },
      "locked": {
        "lastModified": 1710717205,
        "narHash": "sha256-Wf3gHh5uV6W1TV/A8X8QJf99a5ypDSugY4sNtdJDe0A=",
        "owner": "LnL7",
        "repo": "nix-darwin",
        "rev": "bcc8afd06e237df060c85bad6af7128e05fd61a3",
        "type": "github"
      },
      "original": {
        "owner": "LnL7",
        "repo": "nix-darwin",
        "type": "github"
      }
    },
    "nix_2": {
      "inputs": {
        "flake-compat": "flake-compat",
        "libgit2": "libgit2",
        "nixpkgs": "nixpkgs",
        "nixpkgs-regression": "nixpkgs-regression"
      },
      "locked": {
        "lastModified": 1710178469,
        "narHash": "sha256-9b9qJ+7rGjLKbIswMf0/2pgUWH/xOlYLk7P4WYNcGDs=",
        "rev": "34807c8906a61219ec2e9132c9cf0bd4d29e1d12",
        "revCount": 16474,
        "type": "tarball",
        "url": "https://api.flakehub.com/f/pinned/NixOS/nix/2.21.0/018e2f26-b719-7969-9e65-c3ae828e9b2c/source.tar.gz"
      },
      "original": {
        "type": "tarball",
        "url": "https://flakehub.com/f/NixOS/nix/2.21"
      }
    },
    "nixpkgs": {
      "locked": {
        "lastModified": 1709083642,
        "narHash": "sha256-7kkJQd4rZ+vFrzWu8sTRtta5D1kBG0LSRYAfhtmMlSo=",
        "owner": "NixOS",
        "repo": "nixpkgs",
        "rev": "b550fe4b4776908ac2a861124307045f8e717c8e",
        "type": "github"
      },
      "original": {
        "owner": "NixOS",
        "ref": "release-23.11",
        "repo": "nixpkgs",
        "type": "github"
      }
    },
    "nixpkgs-regression": {
      "locked": {
        "lastModified": 1643052045,
        "narHash": "sha256-uGJ0VXIhWKGXxkeNnq4TvV3CIOkUJ3PAoLZ3HMzNVMw=",
        "owner": "NixOS",
        "repo": "nixpkgs",
        "rev": "215d4d0fd80ca5163643b03a33fde804a29cc1e2",
        "type": "github"
      },
      "original": {
        "owner": "NixOS",
        "repo": "nixpkgs",
        "rev": "215d4d0fd80ca5163643b03a33fde804a29cc1e2",
        "type": "github"
      }
    },
    "nixpkgs_2": {
      "locked": {
        "lastModified": 1710695816,
        "narHash": "sha256-3Eh7fhEID17pv9ZxrPwCLfqXnYP006RKzSs0JptsN84=",
        "rev": "614b4613980a522ba49f0d194531beddbb7220d3",
        "revCount": 556803,
        "type": "tarball",
        "url": "https://api.flakehub.com/f/pinned/NixOS/nixpkgs/0.2311.556803%2Brev-614b4613980a522ba49f0d194531beddbb7220d3/018e4f85-e9e8-7425-9f5d-a97970f673ef/source.tar.gz"
      },
      "original": {
        "type": "tarball",
        "url": "https://flakehub.com/f/NixOS/nixpkgs/%2A"
      }
    },
    "root": {
      "inputs": {
        "home-manager": "home-manager",
        "nix": "nix",
        "nix-darwin": "nix-darwin",
        "nixpkgs": [
          "nix",
          "nixpkgs"
        ]
      }
    }
  },
  "root": "root",
  "version": 7
}
